// !$*UTF8*$!
{
	archiveVersion = 1;
	classes = {
	};
	objectVersion = 55;
	objects = {

/* Begin PBXBuildFile section */
		6203108B2844E6D60035EFA0 /* AppDelegate.swift in Sources */ = {isa = PBXBuildFile; fileRef = 6203108A2844E6D60035EFA0 /* AppDelegate.swift */; };
		6203108D2844E6D60035EFA0 /* SceneDelegate.swift in Sources */ = {isa = PBXBuildFile; fileRef = 6203108C2844E6D60035EFA0 /* SceneDelegate.swift */; };
		6203108F2844E6D60035EFA0 /* ConversationsViewController.swift in Sources */ = {isa = PBXBuildFile; fileRef = 6203108E2844E6D60035EFA0 /* ConversationsViewController.swift */; };
		620310922844E6D60035EFA0 /* Main.storyboard in Resources */ = {isa = PBXBuildFile; fileRef = 620310902844E6D60035EFA0 /* Main.storyboard */; };
		620310942844E6DB0035EFA0 /* Assets.xcassets in Resources */ = {isa = PBXBuildFile; fileRef = 620310932844E6DB0035EFA0 /* Assets.xcassets */; };
		620310972844E6DB0035EFA0 /* LaunchScreen.storyboard in Resources */ = {isa = PBXBuildFile; fileRef = 620310952844E6DB0035EFA0 /* LaunchScreen.storyboard */; };
		620310A52844EB380035EFA0 /* LoginViewController.swift in Sources */ = {isa = PBXBuildFile; fileRef = 620310A42844EB380035EFA0 /* LoginViewController.swift */; };
		620310A72844EB4A0035EFA0 /* RegisterViewController.swift in Sources */ = {isa = PBXBuildFile; fileRef = 620310A62844EB4A0035EFA0 /* RegisterViewController.swift */; };
		620310A92844EB670035EFA0 /* PhotoViewController.swift in Sources */ = {isa = PBXBuildFile; fileRef = 620310A82844EB670035EFA0 /* PhotoViewController.swift */; };
		620310AB2844EB780035EFA0 /* VideoPlayerViewController.swift in Sources */ = {isa = PBXBuildFile; fileRef = 620310AA2844EB780035EFA0 /* VideoPlayerViewController.swift */; };
		620310AD2844EB920035EFA0 /* NewConversationViewController.swift in Sources */ = {isa = PBXBuildFile; fileRef = 620310AC2844EB920035EFA0 /* NewConversationViewController.swift */; };
		620310AF2844EB9E0035EFA0 /* ProfileViewController.swift in Sources */ = {isa = PBXBuildFile; fileRef = 620310AE2844EB9E0035EFA0 /* ProfileViewController.swift */; };
		624DB0612A169319003A52FD /* GoogleService-Info.plist in Resources */ = {isa = PBXBuildFile; fileRef = 624DB0602A169319003A52FD /* GoogleService-Info.plist */; };
		62EA677A2846DEF600DBD846 /* Extensions.swift in Sources */ = {isa = PBXBuildFile; fileRef = 62EA67792846DEF600DBD846 /* Extensions.swift */; };
		E2384C01270B114B7F57692B /* Pods_Messenger.framework in Frameworks */ = {isa = PBXBuildFile; fileRef = 916B2668BDA8097D7CAA1E46 /* Pods_Messenger.framework */; };
/* End PBXBuildFile section */

/* Begin PBXFileReference section */
		546A1F171AB90D0F930F8BAF /* Pods-Messenger.release.xcconfig */ = {isa = PBXFileReference; includeInIndex = 1; lastKnownFileType = text.xcconfig; name = "Pods-Messenger.release.xcconfig"; path = "Target Support Files/Pods-Messenger/Pods-Messenger.release.xcconfig"; sourceTree = "<group>"; };
		620310872844E6D60035EFA0 /* Messenger.app */ = {isa = PBXFileReference; explicitFileType = wrapper.application; includeInIndex = 0; path = Messenger.app; sourceTree = BUILT_PRODUCTS_DIR; };
		6203108A2844E6D60035EFA0 /* AppDelegate.swift */ = {isa = PBXFileReference; lastKnownFileType = sourcecode.swift; path = AppDelegate.swift; sourceTree = "<group>"; };
		6203108C2844E6D60035EFA0 /* SceneDelegate.swift */ = {isa = PBXFileReference; lastKnownFileType = sourcecode.swift; path = SceneDelegate.swift; sourceTree = "<group>"; };
		6203108E2844E6D60035EFA0 /* ConversationsViewController.swift */ = {isa = PBXFileReference; lastKnownFileType = sourcecode.swift; path = ConversationsViewController.swift; sourceTree = "<group>"; };
		620310912844E6D60035EFA0 /* Base */ = {isa = PBXFileReference; lastKnownFileType = file.storyboard; name = Base; path = Base.lproj/Main.storyboard; sourceTree = "<group>"; };
		620310932844E6DB0035EFA0 /* Assets.xcassets */ = {isa = PBXFileReference; lastKnownFileType = folder.assetcatalog; path = Assets.xcassets; sourceTree = "<group>"; };
		620310962844E6DB0035EFA0 /* Base */ = {isa = PBXFileReference; lastKnownFileType = file.storyboard; name = Base; path = Base.lproj/LaunchScreen.storyboard; sourceTree = "<group>"; };
		620310982844E6DB0035EFA0 /* Info.plist */ = {isa = PBXFileReference; lastKnownFileType = text.plist.xml; path = Info.plist; sourceTree = "<group>"; };
		620310A42844EB380035EFA0 /* LoginViewController.swift */ = {isa = PBXFileReference; lastKnownFileType = sourcecode.swift; path = LoginViewController.swift; sourceTree = "<group>"; };
		620310A62844EB4A0035EFA0 /* RegisterViewController.swift */ = {isa = PBXFileReference; lastKnownFileType = sourcecode.swift; path = RegisterViewController.swift; sourceTree = "<group>"; };
		620310A82844EB670035EFA0 /* PhotoViewController.swift */ = {isa = PBXFileReference; lastKnownFileType = sourcecode.swift; path = PhotoViewController.swift; sourceTree = "<group>"; };
		620310AA2844EB780035EFA0 /* VideoPlayerViewController.swift */ = {isa = PBXFileReference; lastKnownFileType = sourcecode.swift; path = VideoPlayerViewController.swift; sourceTree = "<group>"; };
		620310AC2844EB920035EFA0 /* NewConversationViewController.swift */ = {isa = PBXFileReference; lastKnownFileType = sourcecode.swift; path = NewConversationViewController.swift; sourceTree = "<group>"; };
		620310AE2844EB9E0035EFA0 /* ProfileViewController.swift */ = {isa = PBXFileReference; lastKnownFileType = sourcecode.swift; path = ProfileViewController.swift; sourceTree = "<group>"; };
		624DB0602A169319003A52FD /* GoogleService-Info.plist */ = {isa = PBXFileReference; fileEncoding = 4; lastKnownFileType = text.plist.xml; path = "GoogleService-Info.plist"; sourceTree = "<group>"; };
		62EA67792846DEF600DBD846 /* Extensions.swift */ = {isa = PBXFileReference; lastKnownFileType = sourcecode.swift; path = Extensions.swift; sourceTree = "<group>"; };
		7F3F6D2468F6D587EF5DA049 /* Pods-Messenger.debug.xcconfig */ = {isa = PBXFileReference; includeInIndex = 1; lastKnownFileType = text.xcconfig; name = "Pods-Messenger.debug.xcconfig"; path = "Target Support Files/Pods-Messenger/Pods-Messenger.debug.xcconfig"; sourceTree = "<group>"; };
		916B2668BDA8097D7CAA1E46 /* Pods_Messenger.framework */ = {isa = PBXFileReference; explicitFileType = wrapper.framework; includeInIndex = 0; path = Pods_Messenger.framework; sourceTree = BUILT_PRODUCTS_DIR; };
/* End PBXFileReference section */

/* Begin PBXFrameworksBuildPhase section */
		620310842844E6D60035EFA0 /* Frameworks */ = {
			isa = PBXFrameworksBuildPhase;
			buildActionMask = 2147483647;
			files = (
				E2384C01270B114B7F57692B /* Pods_Messenger.framework in Frameworks */,
			);
			runOnlyForDeploymentPostprocessing = 0;
		};
/* End PBXFrameworksBuildPhase section */

/* Begin PBXGroup section */
		3D36AA87926E8376825BA61E /* Frameworks */ = {
			isa = PBXGroup;
			children = (
				916B2668BDA8097D7CAA1E46 /* Pods_Messenger.framework */,
			);
			name = Frameworks;
			sourceTree = "<group>";
		};
		6203107E2844E6D60035EFA0 = {
			isa = PBXGroup;
			children = (
				620310892844E6D60035EFA0 /* Messenger */,
				620310882844E6D60035EFA0 /* Products */,
				6952576B6981160127C72BD3 /* Pods */,
				3D36AA87926E8376825BA61E /* Frameworks */,
			);
			sourceTree = "<group>";
		};
		620310882844E6D60035EFA0 /* Products */ = {
			isa = PBXGroup;
			children = (
				620310872844E6D60035EFA0 /* Messenger.app */,
			);
			name = Products;
			sourceTree = "<group>";
		};
		620310892844E6D60035EFA0 /* Messenger */ = {
			isa = PBXGroup;
			children = (
				624DB0602A169319003A52FD /* GoogleService-Info.plist */,
				624DB05F2A168FAA003A52FD /* Models */,
				624DB05E2A168F9D003A52FD /* ViewModels */,
				620310A22844E9230035EFA0 /* Resources */,
				6203109F2844E90C0035EFA0 /* Views */,
				6203109E2844E8F70035EFA0 /* Controllers */,
				620310982844E6DB0035EFA0 /* Info.plist */,
			);
			path = Messenger;
			sourceTree = "<group>";
		};
		6203109E2844E8F70035EFA0 /* Controllers */ = {
			isa = PBXGroup;
			children = (
				6203108E2844E6D60035EFA0 /* ConversationsViewController.swift */,
				62EA67782846D66600DBD846 /* Login */,
				620310A82844EB670035EFA0 /* PhotoViewController.swift */,
				620310AA2844EB780035EFA0 /* VideoPlayerViewController.swift */,
				620310AC2844EB920035EFA0 /* NewConversationViewController.swift */,
				620310AE2844EB9E0035EFA0 /* ProfileViewController.swift */,
			);
			path = Controllers;
			sourceTree = "<group>";
		};
		6203109F2844E90C0035EFA0 /* Views */ = {
			isa = PBXGroup;
			children = (
				620310A32844E9B40035EFA0 /* Storyboards */,
				620310932844E6DB0035EFA0 /* Assets.xcassets */,
			);
			path = Views;
			sourceTree = "<group>";
		};
		620310A22844E9230035EFA0 /* Resources */ = {
			isa = PBXGroup;
			children = (
				6203108A2844E6D60035EFA0 /* AppDelegate.swift */,
				6203108C2844E6D60035EFA0 /* SceneDelegate.swift */,
				62EA67792846DEF600DBD846 /* Extensions.swift */,
			);
			path = Resources;
			sourceTree = "<group>";
		};
		620310A32844E9B40035EFA0 /* Storyboards */ = {
			isa = PBXGroup;
			children = (
				620310902844E6D60035EFA0 /* Main.storyboard */,
				620310952844E6DB0035EFA0 /* LaunchScreen.storyboard */,
			);
			path = Storyboards;
			sourceTree = "<group>";
		};
		624DB05E2A168F9D003A52FD /* ViewModels */ = {
			isa = PBXGroup;
			children = (
			);
			path = ViewModels;
			sourceTree = "<group>";
		};
		624DB05F2A168FAA003A52FD /* Models */ = {
			isa = PBXGroup;
			children = (
			);
			path = Models;
			sourceTree = "<group>";
		};
		62EA67782846D66600DBD846 /* Login */ = {
			isa = PBXGroup;
			children = (
				620310A42844EB380035EFA0 /* LoginViewController.swift */,
				620310A62844EB4A0035EFA0 /* RegisterViewController.swift */,
			);
			path = Login;
			sourceTree = "<group>";
		};
		6952576B6981160127C72BD3 /* Pods */ = {
			isa = PBXGroup;
			children = (
				7F3F6D2468F6D587EF5DA049 /* Pods-Messenger.debug.xcconfig */,
				546A1F171AB90D0F930F8BAF /* Pods-Messenger.release.xcconfig */,
			);
			path = Pods;
			sourceTree = "<group>";
		};
/* End PBXGroup section */

/* Begin PBXNativeTarget section */
		620310862844E6D60035EFA0 /* Messenger */ = {
			isa = PBXNativeTarget;
			buildConfigurationList = 6203109B2844E6DB0035EFA0 /* Build configuration list for PBXNativeTarget "Messenger" */;
			buildPhases = (
				91EB5C3CB44B95F4EEEAC1BD /* [CP] Check Pods Manifest.lock */,
				620310832844E6D60035EFA0 /* Sources */,
				620310842844E6D60035EFA0 /* Frameworks */,
				620310852844E6D60035EFA0 /* Resources */,
				A9DA550D79457C8DFF43FA5D /* [CP] Embed Pods Frameworks */,
			);
			buildRules = (
			);
			dependencies = (
			);
			name = Messenger;
			productName = Messenger;
			productReference = 620310872844E6D60035EFA0 /* Messenger.app */;
			productType = "com.apple.product-type.application";
		};
/* End PBXNativeTarget section */

/* Begin PBXProject section */
		6203107F2844E6D60035EFA0 /* Project object */ = {
			isa = PBXProject;
			attributes = {
				BuildIndependentTargetsInParallel = 1;
				LastSwiftUpdateCheck = 1340;
				LastUpgradeCheck = 1340;
				TargetAttributes = {
					620310862844E6D60035EFA0 = {
						CreatedOnToolsVersion = 13.4;
					};
				};
			};
			buildConfigurationList = 620310822844E6D60035EFA0 /* Build configuration list for PBXProject "Messenger" */;
			compatibilityVersion = "Xcode 13.0";
			developmentRegion = en;
			hasScannedForEncodings = 0;
			knownRegions = (
				en,
				Base,
			);
			mainGroup = 6203107E2844E6D60035EFA0;
			productRefGroup = 620310882844E6D60035EFA0 /* Products */;
			projectDirPath = "";
			projectRoot = "";
			targets = (
				620310862844E6D60035EFA0 /* Messenger */,
			);
		};
/* End PBXProject section */

/* Begin PBXResourcesBuildPhase section */
		620310852844E6D60035EFA0 /* Resources */ = {
			isa = PBXResourcesBuildPhase;
			buildActionMask = 2147483647;
			files = (
				620310972844E6DB0035EFA0 /* LaunchScreen.storyboard in Resources */,
				624DB0612A169319003A52FD /* GoogleService-Info.plist in Resources */,
				620310942844E6DB0035EFA0 /* Assets.xcassets in Resources */,
				620310922844E6D60035EFA0 /* Main.storyboard in Resources */,
			);
			runOnlyForDeploymentPostprocessing = 0;
		};
/* End PBXResourcesBuildPhase section */

/* Begin PBXShellScriptBuildPhase section */
		91EB5C3CB44B95F4EEEAC1BD /* [CP] Check Pods Manifest.lock */ = {
			isa = PBXShellScriptBuildPhase;
			buildActionMask = 2147483647;
			files = (
			);
			inputFileListPaths = (
			);
			inputPaths = (
				"${PODS_PODFILE_DIR_PATH}/Podfile.lock",
				"${PODS_ROOT}/Manifest.lock",
			);
			name = "[CP] Check Pods Manifest.lock";
			outputFileListPaths = (
			);
			outputPaths = (
				"$(DERIVED_FILE_DIR)/Pods-Messenger-checkManifestLockResult.txt",
			);
			runOnlyForDeploymentPostprocessing = 0;
			shellPath = /bin/sh;
			shellScript = "diff \"${PODS_PODFILE_DIR_PATH}/Podfile.lock\" \"${PODS_ROOT}/Manifest.lock\" > /dev/null\nif [ $? != 0 ] ; then\n    # print error to STDERR\n    echo \"error: The sandbox is not in sync with the Podfile.lock. Run 'pod install' or update your CocoaPods installation.\" >&2\n    exit 1\nfi\n# This output is used by Xcode 'outputs' to avoid re-running this script phase.\necho \"SUCCESS\" > \"${SCRIPT_OUTPUT_FILE_0}\"\n";
			showEnvVarsInLog = 0;
		};
		A9DA550D79457C8DFF43FA5D /* [CP] Embed Pods Frameworks */ = {
			isa = PBXShellScriptBuildPhase;
			buildActionMask = 2147483647;
			files = (
			);
			inputFileListPaths = (
				"${PODS_ROOT}/Target Support Files/Pods-Messenger/Pods-Messenger-frameworks-${CONFIGURATION}-input-files.xcfilelist",
			);
			name = "[CP] Embed Pods Frameworks";
			outputFileListPaths = (
				"${PODS_ROOT}/Target Support Files/Pods-Messenger/Pods-Messenger-frameworks-${CONFIGURATION}-output-files.xcfilelist",
			);
			runOnlyForDeploymentPostprocessing = 0;
			shellPath = /bin/sh;
			shellScript = "\"${PODS_ROOT}/Target Support Files/Pods-Messenger/Pods-Messenger-frameworks.sh\"\n";
			showEnvVarsInLog = 0;
		};
/* End PBXShellScriptBuildPhase section */

/* Begin PBXSourcesBuildPhase section */
		620310832844E6D60035EFA0 /* Sources */ = {
			isa = PBXSourcesBuildPhase;
			buildActionMask = 2147483647;
			files = (
				620310A52844EB380035EFA0 /* LoginViewController.swift in Sources */,
				620310A72844EB4A0035EFA0 /* RegisterViewController.swift in Sources */,
				620310AD2844EB920035EFA0 /* NewConversationViewController.swift in Sources */,
				6203108F2844E6D60035EFA0 /* ConversationsViewController.swift in Sources */,
				620310AB2844EB780035EFA0 /* VideoPlayerViewController.swift in Sources */,
				62EA677A2846DEF600DBD846 /* Extensions.swift in Sources */,
				6203108B2844E6D60035EFA0 /* AppDelegate.swift in Sources */,
				620310AF2844EB9E0035EFA0 /* ProfileViewController.swift in Sources */,
				6203108D2844E6D60035EFA0 /* SceneDelegate.swift in Sources */,
				620310A92844EB670035EFA0 /* PhotoViewController.swift in Sources */,
			);
			runOnlyForDeploymentPostprocessing = 0;
		};
/* End PBXSourcesBuildPhase section */

/* Begin PBXVariantGroup section */
		620310902844E6D60035EFA0 /* Main.storyboard */ = {
			isa = PBXVariantGroup;
			children = (
				620310912844E6D60035EFA0 /* Base */,
			);
			name = Main.storyboard;
			sourceTree = "<group>";
		};
		620310952844E6DB0035EFA0 /* LaunchScreen.storyboard */ = {
			isa = PBXVariantGroup;
			children = (
				620310962844E6DB0035EFA0 /* Base */,
			);
			name = LaunchScreen.storyboard;
			sourceTree = "<group>";
		};
/* End PBXVariantGroup section */

/* Begin XCBuildConfiguration section */
		620310992844E6DB0035EFA0 /* Debug */ = {
			isa = XCBuildConfiguration;
			buildSettings = {
				ALWAYS_SEARCH_USER_PATHS = NO;
				CLANG_ANALYZER_NONNULL = YES;
				CLANG_ANALYZER_NUMBER_OBJECT_CONVERSION = YES_AGGRESSIVE;
				CLANG_CXX_LANGUAGE_STANDARD = "gnu++17";
				CLANG_ENABLE_MODULES = YES;
				CLANG_ENABLE_OBJC_ARC = YES;
				CLANG_ENABLE_OBJC_WEAK = YES;
				CLANG_WARN_BLOCK_CAPTURE_AUTORELEASING = YES;
				CLANG_WARN_BOOL_CONVERSION = YES;
				CLANG_WARN_COMMA = YES;
				CLANG_WARN_CONSTANT_CONVERSION = YES;
				CLANG_WARN_DEPRECATED_OBJC_IMPLEMENTATIONS = YES;
				CLANG_WARN_DIRECT_OBJC_ISA_USAGE = YES_ERROR;
				CLANG_WARN_DOCUMENTATION_COMMENTS = YES;
				CLANG_WARN_EMPTY_BODY = YES;
				CLANG_WARN_ENUM_CONVERSION = YES;
				CLANG_WARN_INFINITE_RECURSION = YES;
				CLANG_WARN_INT_CONVERSION = YES;
				CLANG_WARN_NON_LITERAL_NULL_CONVERSION = YES;
				CLANG_WARN_OBJC_IMPLICIT_RETAIN_SELF = YES;
				CLANG_WARN_OBJC_LITERAL_CONVERSION = YES;
				CLANG_WARN_OBJC_ROOT_CLASS = YES_ERROR;
				CLANG_WARN_QUOTED_INCLUDE_IN_FRAMEWORK_HEADER = YES;
				CLANG_WARN_RANGE_LOOP_ANALYSIS = YES;
				CLANG_WARN_STRICT_PROTOTYPES = YES;
				CLANG_WARN_SUSPICIOUS_MOVE = YES;
				CLANG_WARN_UNGUARDED_AVAILABILITY = YES_AGGRESSIVE;
				CLANG_WARN_UNREACHABLE_CODE = YES;
				CLANG_WARN__DUPLICATE_METHOD_MATCH = YES;
				COPY_PHASE_STRIP = NO;
				DEBUG_INFORMATION_FORMAT = dwarf;
				ENABLE_STRICT_OBJC_MSGSEND = YES;
				ENABLE_TESTABILITY = YES;
				GCC_C_LANGUAGE_STANDARD = gnu11;
				GCC_DYNAMIC_NO_PIC = NO;
				GCC_NO_COMMON_BLOCKS = YES;
				GCC_OPTIMIZATION_LEVEL = 0;
				GCC_PREPROCESSOR_DEFINITIONS = (
					"DEBUG=1",
					"$(inherited)",
				);
				GCC_WARN_64_TO_32_BIT_CONVERSION = YES;
				GCC_WARN_ABOUT_RETURN_TYPE = YES_ERROR;
				GCC_WARN_UNDECLARED_SELECTOR = YES;
				GCC_WARN_UNINITIALIZED_AUTOS = YES_AGGRESSIVE;
				GCC_WARN_UNUSED_FUNCTION = YES;
				GCC_WARN_UNUSED_VARIABLE = YES;
				IPHONEOS_DEPLOYMENT_TARGET = 15.5;
				MTL_ENABLE_DEBUG_INFO = INCLUDE_SOURCE;
				MTL_FAST_MATH = YES;
				ONLY_ACTIVE_ARCH = YES;
				SDKROOT = iphoneos;
				SWIFT_ACTIVE_COMPILATION_CONDITIONS = DEBUG;
				SWIFT_OPTIMIZATION_LEVEL = "-Onone";
			};
			name = Debug;
		};
		6203109A2844E6DB0035EFA0 /* Release */ = {
			isa = XCBuildConfiguration;
			buildSettings = {
				ALWAYS_SEARCH_USER_PATHS = NO;
				CLANG_ANALYZER_NONNULL = YES;
				CLANG_ANALYZER_NUMBER_OBJECT_CONVERSION = YES_AGGRESSIVE;
				CLANG_CXX_LANGUAGE_STANDARD = "gnu++17";
				CLANG_ENABLE_MODULES = YES;
				CLANG_ENABLE_OBJC_ARC = YES;
				CLANG_ENABLE_OBJC_WEAK = YES;
				CLANG_WARN_BLOCK_CAPTURE_AUTORELEASING = YES;
				CLANG_WARN_BOOL_CONVERSION = YES;
				CLANG_WARN_COMMA = YES;
				CLANG_WARN_CONSTANT_CONVERSION = YES;
				CLANG_WARN_DEPRECATED_OBJC_IMPLEMENTATIONS = YES;
				CLANG_WARN_DIRECT_OBJC_ISA_USAGE = YES_ERROR;
				CLANG_WARN_DOCUMENTATION_COMMENTS = YES;
				CLANG_WARN_EMPTY_BODY = YES;
				CLANG_WARN_ENUM_CONVERSION = YES;
				CLANG_WARN_INFINITE_RECURSION = YES;
				CLANG_WARN_INT_CONVERSION = YES;
				CLANG_WARN_NON_LITERAL_NULL_CONVERSION = YES;
				CLANG_WARN_OBJC_IMPLICIT_RETAIN_SELF = YES;
				CLANG_WARN_OBJC_LITERAL_CONVERSION = YES;
				CLANG_WARN_OBJC_ROOT_CLASS = YES_ERROR;
				CLANG_WARN_QUOTED_INCLUDE_IN_FRAMEWORK_HEADER = YES;
				CLANG_WARN_RANGE_LOOP_ANALYSIS = YES;
				CLANG_WARN_STRICT_PROTOTYPES = YES;
				CLANG_WARN_SUSPICIOUS_MOVE = YES;
				CLANG_WARN_UNGUARDED_AVAILABILITY = YES_AGGRESSIVE;
				CLANG_WARN_UNREACHABLE_CODE = YES;
				CLANG_WARN__DUPLICATE_METHOD_MATCH = YES;
				COPY_PHASE_STRIP = NO;
				DEBUG_INFORMATION_FORMAT = "dwarf-with-dsym";
				ENABLE_NS_ASSERTIONS = NO;
				ENABLE_STRICT_OBJC_MSGSEND = YES;
				GCC_C_LANGUAGE_STANDARD = gnu11;
				GCC_NO_COMMON_BLOCKS = YES;
				GCC_WARN_64_TO_32_BIT_CONVERSION = YES;
				GCC_WARN_ABOUT_RETURN_TYPE = YES_ERROR;
				GCC_WARN_UNDECLARED_SELECTOR = YES;
				GCC_WARN_UNINITIALIZED_AUTOS = YES_AGGRESSIVE;
				GCC_WARN_UNUSED_FUNCTION = YES;
				GCC_WARN_UNUSED_VARIABLE = YES;
				IPHONEOS_DEPLOYMENT_TARGET = 15.5;
				MTL_ENABLE_DEBUG_INFO = NO;
				MTL_FAST_MATH = YES;
				SDKROOT = iphoneos;
				SWIFT_COMPILATION_MODE = wholemodule;
				SWIFT_OPTIMIZATION_LEVEL = "-O";
				VALIDATE_PRODUCT = YES;
			};
			name = Release;
		};
		6203109C2844E6DB0035EFA0 /* Debug */ = {
			isa = XCBuildConfiguration;
			baseConfigurationReference = 7F3F6D2468F6D587EF5DA049 /* Pods-Messenger.debug.xcconfig */;
			buildSettings = {
				ASSETCATALOG_COMPILER_APPICON_NAME = AppIcon;
				ASSETCATALOG_COMPILER_GLOBAL_ACCENT_COLOR_NAME = AccentColor;
				CODE_SIGN_STYLE = Automatic;
				CURRENT_PROJECT_VERSION = 1;
				DEVELOPMENT_TEAM = QGQ6W4JWGM;
				GENERATE_INFOPLIST_FILE = YES;
				INFOPLIST_FILE = Messenger/Info.plist;
				INFOPLIST_KEY_UIApplicationSupportsIndirectInputEvents = YES;
				INFOPLIST_KEY_UILaunchStoryboardName = LaunchScreen;
				INFOPLIST_KEY_UIMainStoryboardFile = Main;
				INFOPLIST_KEY_UISupportedInterfaceOrientations = UIInterfaceOrientationPortrait;
				INFOPLIST_KEY_UISupportedInterfaceOrientations_iPad = "UIInterfaceOrientationPortrait UIInterfaceOrientationPortraitUpsideDown UIInterfaceOrientationLandscapeLeft UIInterfaceOrientationLandscapeRight";
				INFOPLIST_KEY_UISupportedInterfaceOrientations_iPhone = "UIInterfaceOrientationPortrait UIInterfaceOrientationLandscapeLeft UIInterfaceOrientationLandscapeRight";
				IPHONEOS_DEPLOYMENT_TARGET = 13.5;
				LD_RUNPATH_SEARCH_PATHS = (
					"$(inherited)",
					"@executable_path/Frameworks",
				);
				MARKETING_VERSION = 1.0;
				PRODUCT_BUNDLE_IDENTIFIER = app.a1softwares.Messenger;
				PRODUCT_NAME = "$(TARGET_NAME)";
				SWIFT_EMIT_LOC_STRINGS = YES;
				SWIFT_VERSION = 5.0;
				TARGETED_DEVICE_FAMILY = "1,2";
			};
			name = Debug;
		};
		6203109D2844E6DB0035EFA0 /* Release */ = {
			isa = XCBuildConfiguration;
			baseConfigurationReference = 546A1F171AB90D0F930F8BAF /* Pods-Messenger.release.xcconfig */;
			buildSettings = {
				ASSETCATALOG_COMPILER_APPICON_NAME = AppIcon;
				ASSETCATALOG_COMPILER_GLOBAL_ACCENT_COLOR_NAME = AccentColor;
				CODE_SIGN_STYLE = Automatic;
				CURRENT_PROJECT_VERSION = 1;
				DEVELOPMENT_TEAM = QGQ6W4JWGM;
				GENERATE_INFOPLIST_FILE = YES;
				INFOPLIST_FILE = Messenger/Info.plist;
				INFOPLIST_KEY_UIApplicationSupportsIndirectInputEvents = YES;
				INFOPLIST_KEY_UILaunchStoryboardName = LaunchScreen;
				INFOPLIST_KEY_UIMainStoryboardFile = Main;
				INFOPLIST_KEY_UISupportedInterfaceOrientations = UIInterfaceOrientationPortrait;
				INFOPLIST_KEY_UISupportedInterfaceOrientations_iPad = "UIInterfaceOrientationPortrait UIInterfaceOrientationPortraitUpsideDown UIInterfaceOrientationLandscapeLeft UIInterfaceOrientationLandscapeRight";
				INFOPLIST_KEY_UISupportedInterfaceOrientations_iPhone = "UIInterfaceOrientationPortrait UIInterfaceOrientationLandscapeLeft UIInterfaceOrientationLandscapeRight";
				IPHONEOS_DEPLOYMENT_TARGET = 13.5;
				LD_RUNPATH_SEARCH_PATHS = (
					"$(inherited)",
					"@executable_path/Frameworks",
				);
				MARKETING_VERSION = 1.0;
				PRODUCT_BUNDLE_IDENTIFIER = app.a1softwares.Messenger;
				PRODUCT_NAME = "$(TARGET_NAME)";
				SWIFT_EMIT_LOC_STRINGS = YES;
				SWIFT_VERSION = 5.0;
				TARGETED_DEVICE_FAMILY = "1,2";
			};
			name = Release;
		};
/* End XCBuildConfiguration section */

/* Begin XCConfigurationList section */
		620310822844E6D60035EFA0 /* Build configuration list for PBXProject "Messenger" */ = {
			isa = XCConfigurationList;
			buildConfigurations = (
				620310992844E6DB0035EFA0 /* Debug */,
				6203109A2844E6DB0035EFA0 /* Release */,
			);
			defaultConfigurationIsVisible = 0;
			defaultConfigurationName = Release;
		};
		6203109B2844E6DB0035EFA0 /* Build configuration list for PBXNativeTarget "Messenger" */ = {
			isa = XCConfigurationList;
			buildConfigurations = (
				6203109C2844E6DB0035EFA0 /* Debug */,
				6203109D2844E6DB0035EFA0 /* Release */,
			);
			defaultConfigurationIsVisible = 0;
			defaultConfigurationName = Release;
		};
/* End XCConfigurationList section */
	};
	rootObject = 6203107F2844E6D60035EFA0 /* Project object */;
}
